
Microsoft Visual Studio Solution File, Format Version 12.00
Project("{FAE04EC0-301F-11D3-BF4B-00C04F79EFBC}") = "SimpleToDoList", "SimpleToDoList\SimpleToDoList.csproj", "{AB8B86C6-ADE7-4AC9-9961-06C63190BDE5}"
EndProject
Global
	GlobalSection(SolutionConfigurationPlatforms) = preSolution
		Debug|Any CPU = Debug|Any CPU
		Release|Any CPU = Release|Any CPU
	EndGlobalSection
	GlobalSection(ProjectConfigurationPlatforms) = postSolution
		{AB8B86C6-ADE7-4AC9-9961-06C63190BDE5}.Debug|Any CPU.ActiveCfg = Debug|Any CPU
		{AB8B86C6-ADE7-4AC9-9961-06C63190BDE5}.Debug|Any CPU.Build.0 = Debug|Any CPU
		{AB8B86C6-ADE7-4AC9-9961-06C63190BDE5}.Release|Any CPU.ActiveCfg = Release|Any CPU
		{AB8B86C6-ADE7-4AC9-9961-06C63190BDE5}.Release|Any CPU.Build.0 = Release|Any CPU
	EndGlobalSection
EndGlobal
